
Microsoft Visual Studio Solution File, Format Version 12.00
# Visual Studio Version 16
VisualStudioVersion = 25.0.1700.0
MinimumVisualStudioVersion = 10.0.40219.1
Project("{FAE04EC0-301F-11D3-BF4B-00C04F79EFBC}") = "WebApp01", "WebApp01\WebApp01.csproj", "{1EAFB390-96C5-41A9-9438-B96EA4A7D415}"
EndProject
Global
	GlobalSection(SolutionConfigurationPlatforms) = preSolution
		Debug|Any CPU = Debug|Any CPU
		Release|Any CPU = Release|Any CPU
	EndGlobalSection
	GlobalSection(ProjectConfigurationPlatforms) = postSolution
		{1EAFB390-96C5-41A9-9438-B96EA4A7D415}.Debug|Any CPU.ActiveCfg = Debug|Any CPU
		{1EAFB390-96C5-41A9-9438-B96EA4A7D415}.Debug|Any CPU.Build.0 = Debug|Any CPU
		{1EAFB390-96C5-41A9-9438-B96EA4A7D415}.Release|Any CPU.ActiveCfg = Release|Any CPU
		{1EAFB390-96C5-41A9-9438-B96EA4A7D415}.Release|Any CPU.Build.0 = Release|Any CPU
	EndGlobalSection
	GlobalSection(SolutionProperties) = preSolution
		HideSolutionNode = FALSE
	EndGlobalSection
	GlobalSection(ExtensibilityGlobals) = postSolution
		SolutionGuid = {C9A7F308-85C3-4D19-A238-BEBCD6774871}
	EndGlobalSection
EndGlobal
